
Microsoft Visual Studio Solution File, Format Version 12.00
# Visual Studio Version 17
VisualStudioVersion = 17.14.37314.3 d17.14
MinimumVisualStudioVersion = 10.0.40219.1
Project("{FAE04EC0-301F-11D3-BF4B-00C04F79EFBC}") = "CybersecurityChatbotGUI", "CybersecurityChatbotGUI.csproj", "{62A507F1-7CCF-4155-843C-846D21C25627}"
EndProject
Global
	GlobalSection(SolutionConfigurationPlatforms) = preSolution
		Debug|Any CPU = Debug|Any CPU
		Release|Any CPU = Release|Any CPU
	EndGlobalSection
	GlobalSection(ProjectConfigurationPlatforms) = postSolution
		{62A507F1-7CCF-4155-843C-846D21C25627}.Debug|Any CPU.ActiveCfg = Debug|Any CPU
		{62A507F1-7CCF-4155-843C-846D21C25627}.Debug|Any CPU.Build.0 = Debug|Any CPU
		{62A507F1-7CCF-4155-843C-846D21C25627}.Release|Any CPU.ActiveCfg = Release|Any CPU
		{62A507F1-7CCF-4155-843C-846D21C25627}.Release|Any CPU.Build.0 = Release|Any CPU
	EndGlobalSection
	GlobalSection(SolutionProperties) = preSolution
		HideSolutionNode = FALSE
	EndGlobalSection
	GlobalSection(ExtensibilityGlobals) = postSolution
		SolutionGuid = {64329A65-74A1-4F1E-BC6A-635334DF046F}
	EndGlobalSection
EndGlobal
